
Microsoft Visual Studio Solution File, Format Version 12.00
# Visual Studio Version 17
VisualStudioVersion = 17.5.33516.290
MinimumVisualStudioVersion = 10.0.40219.1
Project("{FAE04EC0-301F-11D3-BF4B-00C04F79EFBC}") = "CryptoMonitor", "CryptoMonitor\CryptoMonitor.csproj", "{44BCBA51-66D1-4A1C-A642-78A949A00B58}"
EndProject
Global
	GlobalSection(SolutionConfigurationPlatforms) = preSolution
		Debug|Any CPU = Debug|Any CPU
		Release|Any CPU = Release|Any CPU
	EndGlobalSection
	GlobalSection(ProjectConfigurationPlatforms) = postSolution
		{44BCBA51-66D1-4A1C-A642-78A949A00B58}.Debug|Any CPU.ActiveCfg = Debug|Any CPU
		{44BCBA51-66D1-4A1C-A642-78A949A00B58}.Debug|Any CPU.Build.0 = Debug|Any CPU
		{44BCBA51-66D1-4A1C-A642-78A949A00B58}.Release|Any CPU.ActiveCfg = Release|Any CPU
		{44BCBA51-66D1-4A1C-A642-78A949A00B58}.Release|Any CPU.Build.0 = Release|Any CPU
	EndGlobalSection
	GlobalSection(SolutionProperties) = preSolution
		HideSolutionNode = FALSE
	EndGlobalSection
	GlobalSection(ExtensibilityGlobals) = postSolution
		SolutionGuid = {8C22A292-2D52-4D42-BE17-16E1C7BA1EB4}
	EndGlobalSection
EndGlobal
